PODS:
  - Google-Mobile-Ads-SDK (7.29.0)

DEPENDENCIES:
  - Google-Mobile-Ads-SDK

SPEC REPOS:
  https://github.com/CocoaPods/Specs.git:
    - Google-Mobile-Ads-SDK

SPEC CHECKSUMS:
  Google-Mobile-Ads-SDK: 375bbb821b3df2106c37b74f6b0a97576ddc5f6b

PODFILE CHECKSUM: ec69dd61a4043f84584688c349d40cf53c9f6fa9

COCOAPODS: 1.5.0
